
Microsoft Visual Studio Solution File, Format Version 12.00
# Visual Studio Version 17
VisualStudioVersion = 17.4.33213.308
MinimumVisualStudioVersion = 10.0.40219.1
Project("{FAE04EC0-301F-11D3-BF4B-00C04F79EFBC}") = "Architect Arithmetic", "Architect Arithmetic.csproj", "{5623834C-6E9B-4274-8991-664D72081643}"
EndProject
Global
	GlobalSection(SolutionConfigurationPlatforms) = preSolution
		Debug|Any CPU = Debug|Any CPU
		Release|Any CPU = Release|Any CPU
	EndGlobalSection
	GlobalSection(ProjectConfigurationPlatforms) = postSolution
		{5623834C-6E9B-4274-8991-664D72081643}.Debug|Any CPU.ActiveCfg = Debug|Any CPU
		{5623834C-6E9B-4274-8991-664D72081643}.Debug|Any CPU.Build.0 = Debug|Any CPU
		{5623834C-6E9B-4274-8991-664D72081643}.Release|Any CPU.ActiveCfg = Release|Any CPU
		{5623834C-6E9B-4274-8991-664D72081643}.Release|Any CPU.Build.0 = Release|Any CPU
	EndGlobalSection
	GlobalSection(SolutionProperties) = preSolution
		HideSolutionNode = FALSE
	EndGlobalSection
	GlobalSection(ExtensibilityGlobals) = postSolution
		SolutionGuid = {86DF62F0-46A7-40AA-A49E-BE4D0A0819D7}
	EndGlobalSection
EndGlobal
