
Microsoft Visual Studio Solution File, Format Version 12.00
# Visual Studio Version 17
VisualStudioVersion = 17.4.33213.308
MinimumVisualStudioVersion = 10.0.40219.1
Project("{FAE04EC0-301F-11D3-BF4B-00C04F79EFBC}") = "Lambda Expressions", "Lambda Expressions.csproj", "{35BE5BE3-995A-49B6-AEB1-4A0724D84238}"
EndProject
Global
	GlobalSection(SolutionConfigurationPlatforms) = preSolution
		Debug|Any CPU = Debug|Any CPU
		Release|Any CPU = Release|Any CPU
	EndGlobalSection
	GlobalSection(ProjectConfigurationPlatforms) = postSolution
		{35BE5BE3-995A-49B6-AEB1-4A0724D84238}.Debug|Any CPU.ActiveCfg = Debug|Any CPU
		{35BE5BE3-995A-49B6-AEB1-4A0724D84238}.Debug|Any CPU.Build.0 = Debug|Any CPU
		{35BE5BE3-995A-49B6-AEB1-4A0724D84238}.Release|Any CPU.ActiveCfg = Release|Any CPU
		{35BE5BE3-995A-49B6-AEB1-4A0724D84238}.Release|Any CPU.Build.0 = Release|Any CPU
	EndGlobalSection
	GlobalSection(SolutionProperties) = preSolution
		HideSolutionNode = FALSE
	EndGlobalSection
	GlobalSection(ExtensibilityGlobals) = postSolution
		SolutionGuid = {643ECC78-936E-436B-BC41-E02C6FD63EC1}
	EndGlobalSection
EndGlobal
